{
  "requires": true,
  "lockfileVersion": 1,
  "dependencies": {
    "validator-wxp": {
      "version": "1.0.6",
      "resolved": "https://registry.npmjs.org/validator-wxp/-/validator-wxp-1.0.6.tgz",
      "integrity": "sha512-so9rYn1AeEnFu235UvOGx4sMP4YnDwrvg/UplfLxAl/h5mx7HvocvAosUcRpajv16EyddiwmaVfIpNAAZ/U0tQ=="
    },
    "validator.tool": {
      "version": "1.0.8",
      "resolved": "https://registry.npmjs.org/validator.tool/-/validator.tool-1.0.8.tgz",
      "integrity": "sha512-u9BeiJ8axBnCiPaJNFMQ12WiEdbQyUHqFlVrCHF5fRqURbCPJMGou6dylWV46la8D0qDF03MT5GOf6huqKclzg=="
    }
  }
}
